
Microsoft Visual Studio Solution File, Format Version 12.00
# Visual Studio 14
VisualStudioVersion = 14.0.25420.1
MinimumVisualStudioVersion = 10.0.40219.1
Project("{FAE04EC0-301F-11D3-BF4B-00C04F79EFBC}") = "WcfServiceLibrary2lab4", "WcfServiceLibrary2lab4\WcfServiceLibrary2lab4.csproj", "{A35C8696-6136-43E8-8BF7-12DB02977D10}"
EndProject
Project("{FAE04EC0-301F-11D3-BF4B-00C04F79EFBC}") = "ServiceHostApplication", "ServiceHostApplication\ServiceHostApplication.csproj", "{37C48471-817C-424E-BCF3-728FBA1CB473}"
EndProject
Global
	GlobalSection(SolutionConfigurationPlatforms) = preSolution
		Debug|Any CPU = Debug|Any CPU
		Release|Any CPU = Release|Any CPU
	EndGlobalSection
	GlobalSection(ProjectConfigurationPlatforms) = postSolution
		{A35C8696-6136-43E8-8BF7-12DB02977D10}.Debug|Any CPU.ActiveCfg = Debug|Any CPU
		{A35C8696-6136-43E8-8BF7-12DB02977D10}.Debug|Any CPU.Build.0 = Debug|Any CPU
		{A35C8696-6136-43E8-8BF7-12DB02977D10}.Release|Any CPU.ActiveCfg = Release|Any CPU
		{A35C8696-6136-43E8-8BF7-12DB02977D10}.Release|Any CPU.Build.0 = Release|Any CPU
		{37C48471-817C-424E-BCF3-728FBA1CB473}.Debug|Any CPU.ActiveCfg = Debug|Any CPU
		{37C48471-817C-424E-BCF3-728FBA1CB473}.Debug|Any CPU.Build.0 = Debug|Any CPU
		{37C48471-817C-424E-BCF3-728FBA1CB473}.Debug|Any CPU.Deploy.0 = Debug|Any CPU
		{37C48471-817C-424E-BCF3-728FBA1CB473}.Release|Any CPU.ActiveCfg = Release|Any CPU
		{37C48471-817C-424E-BCF3-728FBA1CB473}.Release|Any CPU.Build.0 = Release|Any CPU
	EndGlobalSection
	GlobalSection(SolutionProperties) = preSolution
		HideSolutionNode = FALSE
	EndGlobalSection
EndGlobal
